
Microsoft Visual Studio Solution File, Format Version 12.00
# Visual Studio Version 16
VisualStudioVersion = 16.0.30711.63
MinimumVisualStudioVersion = 10.0.40219.1
Project("{FAE04EC0-301F-11D3-BF4B-00C04F79EFBC}") = "Заявки о неисправности", "Заявки о неисправности\Заявки о неисправности.csproj", "{22484B41-6758-4513-8242-50CA95094F0B}"
EndProject
Global
	GlobalSection(SolutionConfigurationPlatforms) = preSolution
		Debug|Any CPU = Debug|Any CPU
		Release|Any CPU = Release|Any CPU
	EndGlobalSection
	GlobalSection(ProjectConfigurationPlatforms) = postSolution
		{22484B41-6758-4513-8242-50CA95094F0B}.Debug|Any CPU.ActiveCfg = Debug|Any CPU
		{22484B41-6758-4513-8242-50CA95094F0B}.Debug|Any CPU.Build.0 = Debug|Any CPU
		{22484B41-6758-4513-8242-50CA95094F0B}.Release|Any CPU.ActiveCfg = Release|Any CPU
		{22484B41-6758-4513-8242-50CA95094F0B}.Release|Any CPU.Build.0 = Release|Any CPU
	EndGlobalSection
	GlobalSection(SolutionProperties) = preSolution
		HideSolutionNode = FALSE
	EndGlobalSection
	GlobalSection(ExtensibilityGlobals) = postSolution
		SolutionGuid = {0E8A21E2-0CEC-479B-B95C-D9107DCA9E4F}
	EndGlobalSection
EndGlobal
